
Microsoft Visual Studio Solution File, Format Version 12.00
# Visual Studio 15
VisualStudioVersion = 15.0.28010.2041
MinimumVisualStudioVersion = 10.0.40219.1
Project("{FAE04EC0-301F-11D3-BF4B-00C04F79EFBC}") = "GerenciamentoDePacientes", "GerenciamentoDePacientes\GerenciamentoDePacientes.csproj", "{C37C4A83-635C-4981-85F0-FF8D989F7447}"
EndProject
Project("{FAE04EC0-301F-11D3-BF4B-00C04F79EFBC}") = "GerenciamentoDePacientesService", "GerenciamenteDePacientesService\GerenciamentoDePacientesService.csproj", "{FAAF8E75-563C-47E0-989E-2F12EE8520B7}"
EndProject
Global
	GlobalSection(SolutionConfigurationPlatforms) = preSolution
		Debug|Any CPU = Debug|Any CPU
		Release|Any CPU = Release|Any CPU
	EndGlobalSection
	GlobalSection(ProjectConfigurationPlatforms) = postSolution
		{C37C4A83-635C-4981-85F0-FF8D989F7447}.Debug|Any CPU.ActiveCfg = Debug|Any CPU
		{C37C4A83-635C-4981-85F0-FF8D989F7447}.Debug|Any CPU.Build.0 = Debug|Any CPU
		{C37C4A83-635C-4981-85F0-FF8D989F7447}.Release|Any CPU.ActiveCfg = Release|Any CPU
		{C37C4A83-635C-4981-85F0-FF8D989F7447}.Release|Any CPU.Build.0 = Release|Any CPU
		{FAAF8E75-563C-47E0-989E-2F12EE8520B7}.Debug|Any CPU.ActiveCfg = Debug|Any CPU
		{FAAF8E75-563C-47E0-989E-2F12EE8520B7}.Debug|Any CPU.Build.0 = Debug|Any CPU
		{FAAF8E75-563C-47E0-989E-2F12EE8520B7}.Release|Any CPU.ActiveCfg = Release|Any CPU
		{FAAF8E75-563C-47E0-989E-2F12EE8520B7}.Release|Any CPU.Build.0 = Release|Any CPU
	EndGlobalSection
	GlobalSection(SolutionProperties) = preSolution
		HideSolutionNode = FALSE
	EndGlobalSection
	GlobalSection(ExtensibilityGlobals) = postSolution
		SolutionGuid = {366379E4-052C-4FEA-81B0-CB3266347A0C}
	EndGlobalSection
EndGlobal
